# THIS IS AN AUTOGENERATED FILE. DO NOT EDIT THIS FILE DIRECTLY.
# yarn lockfile v1


clarinet@^0.12.5:
  version "0.12.5"
  resolved "https://registry.yarnpkg.com/clarinet/-/clarinet-0.12.5.tgz#7ee9c3984620592e370063022d3d2982fc527228"
  integrity sha512-4833ySquSUW91fnPaYI94LX3OdnyfwD8/NrMi6a4Kt6EmOsphLWmEzx9bZPqO9+DtQzSv2s3WSYNLsrXt59FKg==
